
Microsoft Visual Studio Solution File, Format Version 12.00
# Visual Studio Version 17
VisualStudioVersion = 17.12.35707.178 d17.12
MinimumVisualStudioVersion = 10.0.40219.1
Project("{FAE04EC0-301F-11D3-BF4B-00C04F79EFBC}") = "TeamsReportDashboard.Backend", "TeamsReportDashboard\TeamsReportDashboard.Backend.csproj", "{07CB2266-8DB4-45CC-A040-CC89277F7485}"
EndProject
Project("{54A90642-561A-4BB1-A94E-469ADEE60C69}") = "teamsreportdashboard.frontend", "..\TeamsReportDashboard.Frontend\teamsreportdashboard.frontend.esproj", "{D67CBC7B-37ED-434E-B6A3-D5B483C45BF7}"
EndProject
Global
	GlobalSection(SolutionConfigurationPlatforms) = preSolution
		Debug|Any CPU = Debug|Any CPU
		Release|Any CPU = Release|Any CPU
	EndGlobalSection
	GlobalSection(ProjectConfigurationPlatforms) = postSolution
		{07CB2266-8DB4-45CC-A040-CC89277F7485}.Debug|Any CPU.ActiveCfg = Debug|Any CPU
		{07CB2266-8DB4-45CC-A040-CC89277F7485}.Debug|Any CPU.Build.0 = Debug|Any CPU
		{07CB2266-8DB4-45CC-A040-CC89277F7485}.Release|Any CPU.ActiveCfg = Release|Any CPU
		{07CB2266-8DB4-45CC-A040-CC89277F7485}.Release|Any CPU.Build.0 = Release|Any CPU
		{D67CBC7B-37ED-434E-B6A3-D5B483C45BF7}.Debug|Any CPU.ActiveCfg = Debug|Any CPU
		{D67CBC7B-37ED-434E-B6A3-D5B483C45BF7}.Debug|Any CPU.Build.0 = Debug|Any CPU
		{D67CBC7B-37ED-434E-B6A3-D5B483C45BF7}.Debug|Any CPU.Deploy.0 = Debug|Any CPU
		{D67CBC7B-37ED-434E-B6A3-D5B483C45BF7}.Release|Any CPU.ActiveCfg = Release|Any CPU
		{D67CBC7B-37ED-434E-B6A3-D5B483C45BF7}.Release|Any CPU.Build.0 = Release|Any CPU
		{D67CBC7B-37ED-434E-B6A3-D5B483C45BF7}.Release|Any CPU.Deploy.0 = Release|Any CPU
	EndGlobalSection
	GlobalSection(SolutionProperties) = preSolution
		HideSolutionNode = FALSE
	EndGlobalSection
EndGlobal
